
Microsoft Visual Studio Solution File, Format Version 12.00
# Visual Studio 15
VisualStudioVersion = 15.0.26124.0
MinimumVisualStudioVersion = 15.0.26124.0
Project("{FAE04EC0-301F-11D3-BF4B-00C04F79EFBC}") = "QuickBuy.Dominio", "QuickBuy.Dominio\QuickBuy.Dominio.csproj", "{AA173338-5345-4D05-A68D-71792894BFA9}"
EndProject
Project("{FAE04EC0-301F-11D3-BF4B-00C04F79EFBC}") = "QuickBuy.Repositorio", "QuickBuy.Repositorio\QuickBuy.Repositorio.csproj", "{D0A5C9B0-6918-4BF5-9514-3B8A3C3F39CD}"
EndProject
Project("{FAE04EC0-301F-11D3-BF4B-00C04F79EFBC}") = "QuickBuy.Web", "QuickBuy.Web\QuickBuy.Web.csproj", "{338EB5F2-455D-4FB9-BE1E-01BD4650C69C}"
EndProject
Global
	GlobalSection(SolutionConfigurationPlatforms) = preSolution
		Debug|Any CPU = Debug|Any CPU
		Debug|x64 = Debug|x64
		Debug|x86 = Debug|x86
		Release|Any CPU = Release|Any CPU
		Release|x64 = Release|x64
		Release|x86 = Release|x86
	EndGlobalSection
	GlobalSection(SolutionProperties) = preSolution
		HideSolutionNode = FALSE
	EndGlobalSection
	GlobalSection(ProjectConfigurationPlatforms) = postSolution
		{AA173338-5345-4D05-A68D-71792894BFA9}.Debug|Any CPU.ActiveCfg = Debug|Any CPU
		{AA173338-5345-4D05-A68D-71792894BFA9}.Debug|Any CPU.Build.0 = Debug|Any CPU
		{AA173338-5345-4D05-A68D-71792894BFA9}.Debug|x64.ActiveCfg = Debug|Any CPU
		{AA173338-5345-4D05-A68D-71792894BFA9}.Debug|x64.Build.0 = Debug|Any CPU
		{AA173338-5345-4D05-A68D-71792894BFA9}.Debug|x86.ActiveCfg = Debug|Any CPU
		{AA173338-5345-4D05-A68D-71792894BFA9}.Debug|x86.Build.0 = Debug|Any CPU
		{AA173338-5345-4D05-A68D-71792894BFA9}.Release|Any CPU.ActiveCfg = Release|Any CPU
		{AA173338-5345-4D05-A68D-71792894BFA9}.Release|Any CPU.Build.0 = Release|Any CPU
		{AA173338-5345-4D05-A68D-71792894BFA9}.Release|x64.ActiveCfg = Release|Any CPU
		{AA173338-5345-4D05-A68D-71792894BFA9}.Release|x64.Build.0 = Release|Any CPU
		{AA173338-5345-4D05-A68D-71792894BFA9}.Release|x86.ActiveCfg = Release|Any CPU
		{AA173338-5345-4D05-A68D-71792894BFA9}.Release|x86.Build.0 = Release|Any CPU
		{D0A5C9B0-6918-4BF5-9514-3B8A3C3F39CD}.Debug|Any CPU.ActiveCfg = Debug|Any CPU
		{D0A5C9B0-6918-4BF5-9514-3B8A3C3F39CD}.Debug|Any CPU.Build.0 = Debug|Any CPU
		{D0A5C9B0-6918-4BF5-9514-3B8A3C3F39CD}.Debug|x64.ActiveCfg = Debug|Any CPU
		{D0A5C9B0-6918-4BF5-9514-3B8A3C3F39CD}.Debug|x64.Build.0 = Debug|Any CPU
		{D0A5C9B0-6918-4BF5-9514-3B8A3C3F39CD}.Debug|x86.ActiveCfg = Debug|Any CPU
		{D0A5C9B0-6918-4BF5-9514-3B8A3C3F39CD}.Debug|x86.Build.0 = Debug|Any CPU
		{D0A5C9B0-6918-4BF5-9514-3B8A3C3F39CD}.Release|Any CPU.ActiveCfg = Release|Any CPU
		{D0A5C9B0-6918-4BF5-9514-3B8A3C3F39CD}.Release|Any CPU.Build.0 = Release|Any CPU
		{D0A5C9B0-6918-4BF5-9514-3B8A3C3F39CD}.Release|x64.ActiveCfg = Release|Any CPU
		{D0A5C9B0-6918-4BF5-9514-3B8A3C3F39CD}.Release|x64.Build.0 = Release|Any CPU
		{D0A5C9B0-6918-4BF5-9514-3B8A3C3F39CD}.Release|x86.ActiveCfg = Release|Any CPU
		{D0A5C9B0-6918-4BF5-9514-3B8A3C3F39CD}.Release|x86.Build.0 = Release|Any CPU
		{338EB5F2-455D-4FB9-BE1E-01BD4650C69C}.Debug|Any CPU.ActiveCfg = Debug|Any CPU
		{338EB5F2-455D-4FB9-BE1E-01BD4650C69C}.Debug|Any CPU.Build.0 = Debug|Any CPU
		{338EB5F2-455D-4FB9-BE1E-01BD4650C69C}.Debug|x64.ActiveCfg = Debug|Any CPU
		{338EB5F2-455D-4FB9-BE1E-01BD4650C69C}.Debug|x64.Build.0 = Debug|Any CPU
		{338EB5F2-455D-4FB9-BE1E-01BD4650C69C}.Debug|x86.ActiveCfg = Debug|Any CPU
		{338EB5F2-455D-4FB9-BE1E-01BD4650C69C}.Debug|x86.Build.0 = Debug|Any CPU
		{338EB5F2-455D-4FB9-BE1E-01BD4650C69C}.Release|Any CPU.ActiveCfg = Release|Any CPU
		{338EB5F2-455D-4FB9-BE1E-01BD4650C69C}.Release|Any CPU.Build.0 = Release|Any CPU
		{338EB5F2-455D-4FB9-BE1E-01BD4650C69C}.Release|x64.ActiveCfg = Release|Any CPU
		{338EB5F2-455D-4FB9-BE1E-01BD4650C69C}.Release|x64.Build.0 = Release|Any CPU
		{338EB5F2-455D-4FB9-BE1E-01BD4650C69C}.Release|x86.ActiveCfg = Release|Any CPU
		{338EB5F2-455D-4FB9-BE1E-01BD4650C69C}.Release|x86.Build.0 = Release|Any CPU
	EndGlobalSection
EndGlobal
